
Microsoft Visual Studio Solution File, Format Version 12.00
# Visual Studio Version 16
VisualStudioVersion = 16.0.29230.47
MinimumVisualStudioVersion = 10.0.40219.1
Project("{FAE04EC0-301F-11D3-BF4B-00C04F79EFBC}") = "TestRepoSpecflow", "TestRepoSpecflow.csproj", "{A42C9B0B-45DA-4509-B763-A83A68B2D5DA}"
EndProject
Global
	GlobalSection(SolutionConfigurationPlatforms) = preSolution
		Debug|Any CPU = Debug|Any CPU
		Release|Any CPU = Release|Any CPU
	EndGlobalSection
	GlobalSection(ProjectConfigurationPlatforms) = postSolution
		{A42C9B0B-45DA-4509-B763-A83A68B2D5DA}.Debug|Any CPU.ActiveCfg = Debug|Any CPU
		{A42C9B0B-45DA-4509-B763-A83A68B2D5DA}.Debug|Any CPU.Build.0 = Debug|Any CPU
		{A42C9B0B-45DA-4509-B763-A83A68B2D5DA}.Release|Any CPU.ActiveCfg = Release|Any CPU
		{A42C9B0B-45DA-4509-B763-A83A68B2D5DA}.Release|Any CPU.Build.0 = Release|Any CPU
	EndGlobalSection
	GlobalSection(SolutionProperties) = preSolution
		HideSolutionNode = FALSE
	EndGlobalSection
	GlobalSection(ExtensibilityGlobals) = postSolution
		SolutionGuid = {8A03D00C-9197-485D-879B-8C70B6F7E98C}
	EndGlobalSection
EndGlobal
